
Microsoft Visual Studio Solution File, Format Version 12.00
# Visual Studio Version 17
VisualStudioVersion = 17.2.32630.192
MinimumVisualStudioVersion = 10.0.40219.1
Project("{9A19103F-16F7-4668-BE54-9A1E7A4F7556}") = "R5T.F0030", "R5T.F0030\R5T.F0030.csproj", "{43A856DF-6F49-4AA9-B2BC-2F87CD501BBF}"
EndProject
Project("{2150E333-8FDC-42A3-9474-1A3956D46DE8}") = "_Dependencies", "_Dependencies", "{1121303D-49D1-423F-BB1E-87B8258D01CE}"
EndProject
Project("{9A19103F-16F7-4668-BE54-9A1E7A4F7556}") = "R5T.L0024", "..\..\R5T.L0024\source\R5T.L0024\R5T.L0024.csproj", "{CEE8138B-43F4-42EE-9840-90E469290750}"
EndProject
Project("{9A19103F-16F7-4668-BE54-9A1E7A4F7556}") = "R5T.T0132", "..\..\R5T.T0132\source\R5T.T0132\R5T.T0132.csproj", "{08898AAA-5931-4963-9332-2C46C5A2F706}"
EndProject
Project("{9A19103F-16F7-4668-BE54-9A1E7A4F7556}") = "R5T.T0144", "..\..\R5T.T0144\source\R5T.T0144\R5T.T0144.csproj", "{BAF33C78-A58C-454C-BBBA-E95447310035}"
EndProject
Project("{9A19103F-16F7-4668-BE54-9A1E7A4F7556}") = "R5T.F0000", "..\..\R5T.F0000\source\R5T.F0000\R5T.F0000.csproj", "{1FD7CE64-E7E9-4737-94D9-DE6A441941BB}"
EndProject
Project("{9A19103F-16F7-4668-BE54-9A1E7A4F7556}") = "R5T.F0002", "..\..\R5T.F0002\source\R5T.F0002\R5T.F0002.csproj", "{613D00F2-0C9F-4DB9-97C7-E23DDBC75237}"
EndProject
Project("{9A19103F-16F7-4668-BE54-9A1E7A4F7556}") = "R5T.L0053", "..\..\R5T.L0053\source\R5T.L0053\R5T.L0053.csproj", "{DF8C01A4-99EB-437C-840E-4DE86CEA66A1}"
EndProject
Project("{9A19103F-16F7-4668-BE54-9A1E7A4F7556}") = "R5T.L0066", "..\..\R5T.L0066\source\R5T.L0066\R5T.L0066.csproj", "{CDB13485-B3CE-417F-B59E-6D5E028CFD56}"
EndProject
Project("{9A19103F-16F7-4668-BE54-9A1E7A4F7556}") = "R5T.L0071", "..\..\R5T.L0071\source\R5T.L0071\R5T.L0071.csproj", "{CBD82025-B618-4F2D-89D0-EEBFF9AAAC37}"
EndProject
Project("{9A19103F-16F7-4668-BE54-9A1E7A4F7556}") = "R5T.L0089.F000", "..\..\R5T.L0089\source\R5T.L0089.F000\R5T.L0089.F000.csproj", "{084DFE8A-74C5-4CC6-ACCE-5DE7833CCD30}"
EndProject
Project("{9A19103F-16F7-4668-BE54-9A1E7A4F7556}") = "R5T.L0089.T000", "..\..\R5T.L0089\source\R5T.L0089.T000\R5T.L0089.T000.csproj", "{C8451DE8-8424-448B-9509-5C4F5CF2F0CA}"
EndProject
Project("{9A19103F-16F7-4668-BE54-9A1E7A4F7556}") = "R5T.L0089", "..\..\R5T.L0089\source\R5T.L0089\R5T.L0089.csproj", "{DD5B4347-9451-4ED0-BC9B-A390A0AD3584}"
EndProject
Project("{9A19103F-16F7-4668-BE54-9A1E7A4F7556}") = "R5T.NG0006", "..\..\R5T.NG0006\source\R5T.NG0006\R5T.NG0006.csproj", "{733D1D08-BC00-4862-BE65-3403CE27F579}"
EndProject
Project("{9A19103F-16F7-4668-BE54-9A1E7A4F7556}") = "R5T.T0131", "..\..\R5T.T0131\source\R5T.T0131\R5T.T0131.csproj", "{0AB85F76-39B9-41F9-B820-0D2BA4D1A52B}"
EndProject
Project("{9A19103F-16F7-4668-BE54-9A1E7A4F7556}") = "R5T.T0142", "..\..\R5T.T0142\source\R5T.T0142\R5T.T0142.csproj", "{B554F814-855E-46CF-9BA8-445AD96E351B}"
EndProject
Project("{9A19103F-16F7-4668-BE54-9A1E7A4F7556}") = "R5T.T0143", "..\..\R5T.T0143\source\R5T.T0143\R5T.T0143.csproj", "{35130488-FF7E-4128-88AD-D825CEC9D063}"
EndProject
Project("{9A19103F-16F7-4668-BE54-9A1E7A4F7556}") = "R5T.T0156", "..\..\R5T.T0156\source\R5T.T0156\R5T.T0156.csproj", "{A4D8EF5F-1FD6-47D4-B379-A8B87923722B}"
EndProject
Project("{9A19103F-16F7-4668-BE54-9A1E7A4F7556}") = "R5T.T0221", "..\..\R5T.T0221\source\R5T.T0221\R5T.T0221.csproj", "{DE3C1451-00E2-46CA-8467-CE1C44AB7BD6}"
EndProject
Project("{9A19103F-16F7-4668-BE54-9A1E7A4F7556}") = "R5T.Y0000", "..\..\R5T.Y0000\source\R5T.Y0000\R5T.Y0000.csproj", "{DFA5B3F4-B844-42AF-8806-7C578E5DD70B}"
EndProject
Project("{9A19103F-16F7-4668-BE54-9A1E7A4F7556}") = "R5T.Y0006", "..\..\R5T.Y0006\source\R5T.Y0006\R5T.Y0006.csproj", "{028F54EF-E4EC-474D-A168-D603BD1A0FDE}"
EndProject
Project("{9A19103F-16F7-4668-BE54-9A1E7A4F7556}") = "R5T.Z0000", "..\..\R5T.Z0000\source\R5T.Z0000\R5T.Z0000.csproj", "{45E89BAE-94C1-4B94-B4BB-972F12B70673}"
EndProject
Project("{9A19103F-16F7-4668-BE54-9A1E7A4F7556}") = "R5T.Z0010.Platform", "..\..\R5T.Z0010\source\R5T.Z0010.Platform\R5T.Z0010.Platform.csproj", "{F0EAB986-D2D1-4A69-8D7F-69C5D4087C00}"
EndProject
Global
	GlobalSection(NestedProjects) = preSolution
		{CEE8138B-43F4-42EE-9840-90E469290750} = {1121303D-49D1-423F-BB1E-87B8258D01CE}
		{08898AAA-5931-4963-9332-2C46C5A2F706} = {1121303D-49D1-423F-BB1E-87B8258D01CE}
		{BAF33C78-A58C-454C-BBBA-E95447310035} = {1121303D-49D1-423F-BB1E-87B8258D01CE}
		{1FD7CE64-E7E9-4737-94D9-DE6A441941BB} = {1121303D-49D1-423F-BB1E-87B8258D01CE}
		{613D00F2-0C9F-4DB9-97C7-E23DDBC75237} = {1121303D-49D1-423F-BB1E-87B8258D01CE}
		{DF8C01A4-99EB-437C-840E-4DE86CEA66A1} = {1121303D-49D1-423F-BB1E-87B8258D01CE}
		{CDB13485-B3CE-417F-B59E-6D5E028CFD56} = {1121303D-49D1-423F-BB1E-87B8258D01CE}
		{CBD82025-B618-4F2D-89D0-EEBFF9AAAC37} = {1121303D-49D1-423F-BB1E-87B8258D01CE}
		{084DFE8A-74C5-4CC6-ACCE-5DE7833CCD30} = {1121303D-49D1-423F-BB1E-87B8258D01CE}
		{C8451DE8-8424-448B-9509-5C4F5CF2F0CA} = {1121303D-49D1-423F-BB1E-87B8258D01CE}
		{DD5B4347-9451-4ED0-BC9B-A390A0AD3584} = {1121303D-49D1-423F-BB1E-87B8258D01CE}
		{733D1D08-BC00-4862-BE65-3403CE27F579} = {1121303D-49D1-423F-BB1E-87B8258D01CE}
		{0AB85F76-39B9-41F9-B820-0D2BA4D1A52B} = {1121303D-49D1-423F-BB1E-87B8258D01CE}
		{B554F814-855E-46CF-9BA8-445AD96E351B} = {1121303D-49D1-423F-BB1E-87B8258D01CE}
		{35130488-FF7E-4128-88AD-D825CEC9D063} = {1121303D-49D1-423F-BB1E-87B8258D01CE}
		{A4D8EF5F-1FD6-47D4-B379-A8B87923722B} = {1121303D-49D1-423F-BB1E-87B8258D01CE}
		{DE3C1451-00E2-46CA-8467-CE1C44AB7BD6} = {1121303D-49D1-423F-BB1E-87B8258D01CE}
		{DFA5B3F4-B844-42AF-8806-7C578E5DD70B} = {1121303D-49D1-423F-BB1E-87B8258D01CE}
		{028F54EF-E4EC-474D-A168-D603BD1A0FDE} = {1121303D-49D1-423F-BB1E-87B8258D01CE}
		{45E89BAE-94C1-4B94-B4BB-972F12B70673} = {1121303D-49D1-423F-BB1E-87B8258D01CE}
		{F0EAB986-D2D1-4A69-8D7F-69C5D4087C00} = {1121303D-49D1-423F-BB1E-87B8258D01CE}
	EndGlobalSection
	GlobalSection(SolutionConfigurationPlatforms) = preSolution
		Debug|Any CPU = Debug|Any CPU
		Release|Any CPU = Release|Any CPU
	EndGlobalSection
	GlobalSection(ProjectConfigurationPlatforms) = postSolution
		{43A856DF-6F49-4AA9-B2BC-2F87CD501BBF}.Debug|Any CPU.ActiveCfg = Debug|Any CPU
		{43A856DF-6F49-4AA9-B2BC-2F87CD501BBF}.Debug|Any CPU.Build.0 = Debug|Any CPU
		{43A856DF-6F49-4AA9-B2BC-2F87CD501BBF}.Release|Any CPU.ActiveCfg = Release|Any CPU
		{43A856DF-6F49-4AA9-B2BC-2F87CD501BBF}.Release|Any CPU.Build.0 = Release|Any CPU
		{CEE8138B-43F4-42EE-9840-90E469290750}.Debug|Any CPU.ActiveCfg = Debug|Any CPU
		{CEE8138B-43F4-42EE-9840-90E469290750}.Debug|Any CPU.Build.0 = Debug|Any CPU
		{CEE8138B-43F4-42EE-9840-90E469290750}.Release|Any CPU.ActiveCfg = Release|Any CPU
		{CEE8138B-43F4-42EE-9840-90E469290750}.Release|Any CPU.Build.0 = Release|Any CPU
		{08898AAA-5931-4963-9332-2C46C5A2F706}.Debug|Any CPU.ActiveCfg = Debug|Any CPU
		{08898AAA-5931-4963-9332-2C46C5A2F706}.Debug|Any CPU.Build.0 = Debug|Any CPU
		{08898AAA-5931-4963-9332-2C46C5A2F706}.Release|Any CPU.ActiveCfg = Release|Any CPU
		{08898AAA-5931-4963-9332-2C46C5A2F706}.Release|Any CPU.Build.0 = Release|Any CPU
		{BAF33C78-A58C-454C-BBBA-E95447310035}.Debug|Any CPU.ActiveCfg = Debug|Any CPU
		{BAF33C78-A58C-454C-BBBA-E95447310035}.Debug|Any CPU.Build.0 = Debug|Any CPU
		{BAF33C78-A58C-454C-BBBA-E95447310035}.Release|Any CPU.ActiveCfg = Release|Any CPU
		{BAF33C78-A58C-454C-BBBA-E95447310035}.Release|Any CPU.Build.0 = Release|Any CPU
		{1FD7CE64-E7E9-4737-94D9-DE6A441941BB}.Debug|Any CPU.ActiveCfg = Debug|Any CPU
		{1FD7CE64-E7E9-4737-94D9-DE6A441941BB}.Debug|Any CPU.Build.0 = Debug|Any CPU
		{1FD7CE64-E7E9-4737-94D9-DE6A441941BB}.Release|Any CPU.ActiveCfg = Release|Any CPU
		{1FD7CE64-E7E9-4737-94D9-DE6A441941BB}.Release|Any CPU.Build.0 = Release|Any CPU
		{613D00F2-0C9F-4DB9-97C7-E23DDBC75237}.Debug|Any CPU.ActiveCfg = Debug|Any CPU
		{613D00F2-0C9F-4DB9-97C7-E23DDBC75237}.Debug|Any CPU.Build.0 = Debug|Any CPU
		{613D00F2-0C9F-4DB9-97C7-E23DDBC75237}.Release|Any CPU.ActiveCfg = Release|Any CPU
		{613D00F2-0C9F-4DB9-97C7-E23DDBC75237}.Release|Any CPU.Build.0 = Release|Any CPU
		{DF8C01A4-99EB-437C-840E-4DE86CEA66A1}.Debug|Any CPU.ActiveCfg = Debug|Any CPU
		{DF8C01A4-99EB-437C-840E-4DE86CEA66A1}.Debug|Any CPU.Build.0 = Debug|Any CPU
		{DF8C01A4-99EB-437C-840E-4DE86CEA66A1}.Release|Any CPU.ActiveCfg = Release|Any CPU
		{DF8C01A4-99EB-437C-840E-4DE86CEA66A1}.Release|Any CPU.Build.0 = Release|Any CPU
		{CDB13485-B3CE-417F-B59E-6D5E028CFD56}.Debug|Any CPU.ActiveCfg = Debug|Any CPU
		{CDB13485-B3CE-417F-B59E-6D5E028CFD56}.Debug|Any CPU.Build.0 = Debug|Any CPU
		{CDB13485-B3CE-417F-B59E-6D5E028CFD56}.Release|Any CPU.ActiveCfg = Release|Any CPU
		{CDB13485-B3CE-417F-B59E-6D5E028CFD56}.Release|Any CPU.Build.0 = Release|Any CPU
		{CBD82025-B618-4F2D-89D0-EEBFF9AAAC37}.Debug|Any CPU.ActiveCfg = Debug|Any CPU
		{CBD82025-B618-4F2D-89D0-EEBFF9AAAC37}.Debug|Any CPU.Build.0 = Debug|Any CPU
		{CBD82025-B618-4F2D-89D0-EEBFF9AAAC37}.Release|Any CPU.ActiveCfg = Release|Any CPU
		{CBD82025-B618-4F2D-89D0-EEBFF9AAAC37}.Release|Any CPU.Build.0 = Release|Any CPU
		{084DFE8A-74C5-4CC6-ACCE-5DE7833CCD30}.Debug|Any CPU.ActiveCfg = Debug|Any CPU
		{084DFE8A-74C5-4CC6-ACCE-5DE7833CCD30}.Debug|Any CPU.Build.0 = Debug|Any CPU
		{084DFE8A-74C5-4CC6-ACCE-5DE7833CCD30}.Release|Any CPU.ActiveCfg = Release|Any CPU
		{084DFE8A-74C5-4CC6-ACCE-5DE7833CCD30}.Release|Any CPU.Build.0 = Release|Any CPU
		{C8451DE8-8424-448B-9509-5C4F5CF2F0CA}.Debug|Any CPU.ActiveCfg = Debug|Any CPU
		{C8451DE8-8424-448B-9509-5C4F5CF2F0CA}.Debug|Any CPU.Build.0 = Debug|Any CPU
		{C8451DE8-8424-448B-9509-5C4F5CF2F0CA}.Release|Any CPU.ActiveCfg = Release|Any CPU
		{C8451DE8-8424-448B-9509-5C4F5CF2F0CA}.Release|Any CPU.Build.0 = Release|Any CPU
		{DD5B4347-9451-4ED0-BC9B-A390A0AD3584}.Debug|Any CPU.ActiveCfg = Debug|Any CPU
		{DD5B4347-9451-4ED0-BC9B-A390A0AD3584}.Debug|Any CPU.Build.0 = Debug|Any CPU
		{DD5B4347-9451-4ED0-BC9B-A390A0AD3584}.Release|Any CPU.ActiveCfg = Release|Any CPU
		{DD5B4347-9451-4ED0-BC9B-A390A0AD3584}.Release|Any CPU.Build.0 = Release|Any CPU
		{733D1D08-BC00-4862-BE65-3403CE27F579}.Debug|Any CPU.ActiveCfg = Debug|Any CPU
		{733D1D08-BC00-4862-BE65-3403CE27F579}.Debug|Any CPU.Build.0 = Debug|Any CPU
		{733D1D08-BC00-4862-BE65-3403CE27F579}.Release|Any CPU.ActiveCfg = Release|Any CPU
		{733D1D08-BC00-4862-BE65-3403CE27F579}.Release|Any CPU.Build.0 = Release|Any CPU
		{0AB85F76-39B9-41F9-B820-0D2BA4D1A52B}.Debug|Any CPU.ActiveCfg = Debug|Any CPU
		{0AB85F76-39B9-41F9-B820-0D2BA4D1A52B}.Debug|Any CPU.Build.0 = Debug|Any CPU
		{0AB85F76-39B9-41F9-B820-0D2BA4D1A52B}.Release|Any CPU.ActiveCfg = Release|Any CPU
		{0AB85F76-39B9-41F9-B820-0D2BA4D1A52B}.Release|Any CPU.Build.0 = Release|Any CPU
		{B554F814-855E-46CF-9BA8-445AD96E351B}.Debug|Any CPU.ActiveCfg = Debug|Any CPU
		{B554F814-855E-46CF-9BA8-445AD96E351B}.Debug|Any CPU.Build.0 = Debug|Any CPU
		{B554F814-855E-46CF-9BA8-445AD96E351B}.Release|Any CPU.ActiveCfg = Release|Any CPU
		{B554F814-855E-46CF-9BA8-445AD96E351B}.Release|Any CPU.Build.0 = Release|Any CPU
		{35130488-FF7E-4128-88AD-D825CEC9D063}.Debug|Any CPU.ActiveCfg = Debug|Any CPU
		{35130488-FF7E-4128-88AD-D825CEC9D063}.Debug|Any CPU.Build.0 = Debug|Any CPU
		{35130488-FF7E-4128-88AD-D825CEC9D063}.Release|Any CPU.ActiveCfg = Release|Any CPU
		{35130488-FF7E-4128-88AD-D825CEC9D063}.Release|Any CPU.Build.0 = Release|Any CPU
		{A4D8EF5F-1FD6-47D4-B379-A8B87923722B}.Debug|Any CPU.ActiveCfg = Debug|Any CPU
		{A4D8EF5F-1FD6-47D4-B379-A8B87923722B}.Debug|Any CPU.Build.0 = Debug|Any CPU
		{A4D8EF5F-1FD6-47D4-B379-A8B87923722B}.Release|Any CPU.ActiveCfg = Release|Any CPU
		{A4D8EF5F-1FD6-47D4-B379-A8B87923722B}.Release|Any CPU.Build.0 = Release|Any CPU
		{DE3C1451-00E2-46CA-8467-CE1C44AB7BD6}.Debug|Any CPU.ActiveCfg = Debug|Any CPU
		{DE3C1451-00E2-46CA-8467-CE1C44AB7BD6}.Debug|Any CPU.Build.0 = Debug|Any CPU
		{DE3C1451-00E2-46CA-8467-CE1C44AB7BD6}.Release|Any CPU.ActiveCfg = Release|Any CPU
		{DE3C1451-00E2-46CA-8467-CE1C44AB7BD6}.Release|Any CPU.Build.0 = Release|Any CPU
		{DFA5B3F4-B844-42AF-8806-7C578E5DD70B}.Debug|Any CPU.ActiveCfg = Debug|Any CPU
		{DFA5B3F4-B844-42AF-8806-7C578E5DD70B}.Debug|Any CPU.Build.0 = Debug|Any CPU
		{DFA5B3F4-B844-42AF-8806-7C578E5DD70B}.Release|Any CPU.ActiveCfg = Release|Any CPU
		{DFA5B3F4-B844-42AF-8806-7C578E5DD70B}.Release|Any CPU.Build.0 = Release|Any CPU
		{028F54EF-E4EC-474D-A168-D603BD1A0FDE}.Debug|Any CPU.ActiveCfg = Debug|Any CPU
		{028F54EF-E4EC-474D-A168-D603BD1A0FDE}.Debug|Any CPU.Build.0 = Debug|Any CPU
		{028F54EF-E4EC-474D-A168-D603BD1A0FDE}.Release|Any CPU.ActiveCfg = Release|Any CPU
		{028F54EF-E4EC-474D-A168-D603BD1A0FDE}.Release|Any CPU.Build.0 = Release|Any CPU
		{45E89BAE-94C1-4B94-B4BB-972F12B70673}.Debug|Any CPU.ActiveCfg = Debug|Any CPU
		{45E89BAE-94C1-4B94-B4BB-972F12B70673}.Debug|Any CPU.Build.0 = Debug|Any CPU
		{45E89BAE-94C1-4B94-B4BB-972F12B70673}.Release|Any CPU.ActiveCfg = Release|Any CPU
		{45E89BAE-94C1-4B94-B4BB-972F12B70673}.Release|Any CPU.Build.0 = Release|Any CPU
		{F0EAB986-D2D1-4A69-8D7F-69C5D4087C00}.Debug|Any CPU.ActiveCfg = Debug|Any CPU
		{F0EAB986-D2D1-4A69-8D7F-69C5D4087C00}.Debug|Any CPU.Build.0 = Debug|Any CPU
		{F0EAB986-D2D1-4A69-8D7F-69C5D4087C00}.Release|Any CPU.ActiveCfg = Release|Any CPU
		{F0EAB986-D2D1-4A69-8D7F-69C5D4087C00}.Release|Any CPU.Build.0 = Release|Any CPU
	EndGlobalSection
	GlobalSection(SolutionProperties) = preSolution
		HideSolutionNode = FALSE
	EndGlobalSection
	GlobalSection(ExtensibilityGlobals) = postSolution
		SolutionGuid = {37914AAF-5B0E-4CD6-BACC-E19F515BFD17}
	EndGlobalSection
EndGlobal
